
Microsoft Visual Studio Solution File, Format Version 12.00
# Visual Studio Version 17
VisualStudioVersion = 17.2.32505.173
MinimumVisualStudioVersion = 10.0.40219.1
Project("{2150E333-8FDC-42A3-9474-1A3956D46DE8}") = "src", "src", "{78D56637-F921-437D-A9AC-FBEAD78344BE}"
EndProject
Project("{9A19103F-16F7-4668-BE54-9A1E7A4F7556}") = "ReflectionIT.DisposeGenerator", "src\Disposer\ReflectionIT.DisposeGenerator.csproj", "{FC6F4934-4512-45DB-ABDA-5FAD96742B73}"
EndProject
Project("{FAE04EC0-301F-11D3-BF4B-00C04F79EFBC}") = "ReflectionIT.DisposeGenerator.Attributes", "src\Disposer.Attributes\ReflectionIT.DisposeGenerator.Attributes.csproj", "{81342218-AC10-4CDD-BF74-551E792954D7}"
EndProject
Project("{2150E333-8FDC-42A3-9474-1A3956D46DE8}") = "Solution Items", "Solution Items", "{8EC462FD-D22E-90A8-E5CE-7E832BA40C5D}"
	ProjectSection(SolutionItems) = preProject
		.editorconfig = .editorconfig
		Directory.Build.props = Directory.Build.props
		LICENSE = LICENSE
		README.md = README.md
		version.props = version.props
	EndProjectSection
EndProject
Project("{FAE04EC0-301F-11D3-BF4B-00C04F79EFBC}") = "SampleProject", "src\SampleProject\SampleProject.csproj", "{473160EA-582A-1B54-3135-04D790C9A301}"
EndProject
Global
	GlobalSection(SolutionConfigurationPlatforms) = preSolution
		Debug|Any CPU = Debug|Any CPU
		Release|Any CPU = Release|Any CPU
	EndGlobalSection
	GlobalSection(ProjectConfigurationPlatforms) = postSolution
		{FC6F4934-4512-45DB-ABDA-5FAD96742B73}.Debug|Any CPU.ActiveCfg = Debug|Any CPU
		{FC6F4934-4512-45DB-ABDA-5FAD96742B73}.Debug|Any CPU.Build.0 = Debug|Any CPU
		{FC6F4934-4512-45DB-ABDA-5FAD96742B73}.Release|Any CPU.ActiveCfg = Release|Any CPU
		{FC6F4934-4512-45DB-ABDA-5FAD96742B73}.Release|Any CPU.Build.0 = Release|Any CPU
		{81342218-AC10-4CDD-BF74-551E792954D7}.Debug|Any CPU.ActiveCfg = Debug|Any CPU
		{81342218-AC10-4CDD-BF74-551E792954D7}.Debug|Any CPU.Build.0 = Debug|Any CPU
		{81342218-AC10-4CDD-BF74-551E792954D7}.Release|Any CPU.ActiveCfg = Release|Any CPU
		{81342218-AC10-4CDD-BF74-551E792954D7}.Release|Any CPU.Build.0 = Release|Any CPU
		{473160EA-582A-1B54-3135-04D790C9A301}.Debug|Any CPU.ActiveCfg = Debug|Any CPU
		{473160EA-582A-1B54-3135-04D790C9A301}.Debug|Any CPU.Build.0 = Debug|Any CPU
		{473160EA-582A-1B54-3135-04D790C9A301}.Release|Any CPU.ActiveCfg = Release|Any CPU
		{473160EA-582A-1B54-3135-04D790C9A301}.Release|Any CPU.Build.0 = Release|Any CPU
	EndGlobalSection
	GlobalSection(SolutionProperties) = preSolution
		HideSolutionNode = FALSE
	EndGlobalSection
	GlobalSection(NestedProjects) = preSolution
		{FC6F4934-4512-45DB-ABDA-5FAD96742B73} = {78D56637-F921-437D-A9AC-FBEAD78344BE}
		{81342218-AC10-4CDD-BF74-551E792954D7} = {78D56637-F921-437D-A9AC-FBEAD78344BE}
		{473160EA-582A-1B54-3135-04D790C9A301} = {78D56637-F921-437D-A9AC-FBEAD78344BE}
	EndGlobalSection
	GlobalSection(ExtensibilityGlobals) = postSolution
		SolutionGuid = {C1E93E13-E385-4E16-BAE2-94E17FB4228B}
	EndGlobalSection
EndGlobal
